// !$*UTF8*$!
{
	archiveVersion = 1;
	classes = {
	};
	objectVersion = 56;
	objects = {

/* Begin PBXBuildFile section */
		FC1FDE2B2A619C1400B0CF03 /* Dex_3App.swift in Sources */ = {isa = PBXBuildFile; fileRef = FC1FDE2A2A619C1400B0CF03 /* Dex_3App.swift */; };
		FC1FDE2D2A619C1400B0CF03 /* ContentView.swift in Sources */ = {isa = PBXBuildFile; fileRef = FC1FDE2C2A619C1400B0CF03 /* ContentView.swift */; };
		FC1FDE2F2A619C1600B0CF03 /* Assets.xcassets in Resources */ = {isa = PBXBuildFile; fileRef = FC1FDE2E2A619C1600B0CF03 /* Assets.xcassets */; };
		FC1FDE322A619C1600B0CF03 /* Preview Assets.xcassets in Resources */ = {isa = PBXBuildFile; fileRef = FC1FDE312A619C1600B0CF03 /* Preview Assets.xcassets */; };
		FC1FDE342A619C1600B0CF03 /* Persistence.swift in Sources */ = {isa = PBXBuildFile; fileRef = FC1FDE332A619C1600B0CF03 /* Persistence.swift */; };
		FC3B88F82A6519B800D183B5 /* PokemonDetail.swift in Sources */ = {isa = PBXBuildFile; fileRef = FC3B88F72A6519B800D183B5 /* PokemonDetail.swift */; };
		FC48A77C2A66825300B7E9DB /* WidgetPokemon.swift in Sources */ = {isa = PBXBuildFile; fileRef = FC48A77B2A66825300B7E9DB /* WidgetPokemon.swift */; };
		FC48A7842A66880400B7E9DB /* WidgetKit.framework in Frameworks */ = {isa = PBXBuildFile; fileRef = FC48A7832A66880400B7E9DB /* WidgetKit.framework */; };
		FC48A7862A66880400B7E9DB /* SwiftUI.framework in Frameworks */ = {isa = PBXBuildFile; fileRef = FC48A7852A66880400B7E9DB /* SwiftUI.framework */; };
		FC48A7892A66880400B7E9DB /* Dex3WidgetBundle.swift in Sources */ = {isa = PBXBuildFile; fileRef = FC48A7882A66880400B7E9DB /* Dex3WidgetBundle.swift */; };
		FC48A78B2A66880400B7E9DB /* Dex3WidgetLiveActivity.swift in Sources */ = {isa = PBXBuildFile; fileRef = FC48A78A2A66880400B7E9DB /* Dex3WidgetLiveActivity.swift */; };
		FC48A78D2A66880400B7E9DB /* Dex3Widget.swift in Sources */ = {isa = PBXBuildFile; fileRef = FC48A78C2A66880400B7E9DB /* Dex3Widget.swift */; };
		FC48A7902A66880600B7E9DB /* Assets.xcassets in Resources */ = {isa = PBXBuildFile; fileRef = FC48A78F2A66880600B7E9DB /* Assets.xcassets */; };
		FC48A7922A66880600B7E9DB /* Dex3Widget.intentdefinition in Sources */ = {isa = PBXBuildFile; fileRef = FC48A78E2A66880400B7E9DB /* Dex3Widget.intentdefinition */; };
		FC48A7932A66880600B7E9DB /* Dex3Widget.intentdefinition in Sources */ = {isa = PBXBuildFile; fileRef = FC48A78E2A66880400B7E9DB /* Dex3Widget.intentdefinition */; };
		FC48A7962A66880600B7E9DB /* Dex3WidgetExtension.appex in Embed Foundation Extensions */ = {isa = PBXBuildFile; fileRef = FC48A7812A66880400B7E9DB /* Dex3WidgetExtension.appex */; settings = {ATTRIBUTES = (RemoveHeadersOnCopy, ); }; };
		FC48A79B2A6688C400B7E9DB /* Assets.xcassets in Resources */ = {isa = PBXBuildFile; fileRef = FC1FDE2E2A619C1600B0CF03 /* Assets.xcassets */; };
		FC48A79C2A6688D300B7E9DB /* Dex_3.xcdatamodeld in Sources */ = {isa = PBXBuildFile; fileRef = FCAF6D1E2A63F64700B67040 /* Dex_3.xcdatamodeld */; };
		FC48A79D2A6688E000B7E9DB /* Persistence.swift in Sources */ = {isa = PBXBuildFile; fileRef = FC1FDE332A619C1600B0CF03 /* Persistence.swift */; };
		FC48A79E2A6688E800B7E9DB /* SamplePokemon.swift in Sources */ = {isa = PBXBuildFile; fileRef = FC6A6DAA2A652CAF00DA306D /* SamplePokemon.swift */; };
		FC48A79F2A6688EE00B7E9DB /* Networking+Image.swift in Sources */ = {isa = PBXBuildFile; fileRef = FC658AA52A667D48001986F3 /* Networking+Image.swift */; };
		FC48A7A02A6688F200B7E9DB /* WidgetPokemon.swift in Sources */ = {isa = PBXBuildFile; fileRef = FC48A77B2A66825300B7E9DB /* WidgetPokemon.swift */; };
		FC48A7A12A66895600B7E9DB /* Pokemon+Ext.swift in Sources */ = {isa = PBXBuildFile; fileRef = FCFE5B2E2A6572B30076F96B /* Pokemon+Ext.swift */; };
		FC658AA62A667D48001986F3 /* Networking+Image.swift in Sources */ = {isa = PBXBuildFile; fileRef = FC658AA52A667D48001986F3 /* Networking+Image.swift */; };
		FC6A6DAB2A652CAF00DA306D /* SamplePokemon.swift in Sources */ = {isa = PBXBuildFile; fileRef = FC6A6DAA2A652CAF00DA306D /* SamplePokemon.swift */; };
		FCAF6D202A63F64700B67040 /* Dex_3.xcdatamodeld in Sources */ = {isa = PBXBuildFile; fileRef = FCAF6D1E2A63F64700B67040 /* Dex_3.xcdatamodeld */; };
		FCAF6D222A64142C00B67040 /* TempPokemon.swift in Sources */ = {isa = PBXBuildFile; fileRef = FCAF6D212A64142C00B67040 /* TempPokemon.swift */; };
		FCAF6D242A64403300B67040 /* Networking.swift in Sources */ = {isa = PBXBuildFile; fileRef = FCAF6D232A64403300B67040 /* Networking.swift */; };
		FCAF6D262A64635000B67040 /* PokemonViewModel.swift in Sources */ = {isa = PBXBuildFile; fileRef = FCAF6D252A64635000B67040 /* PokemonViewModel.swift */; };
		FCFE5B2F2A6572B30076F96B /* Pokemon+Ext.swift in Sources */ = {isa = PBXBuildFile; fileRef = FCFE5B2E2A6572B30076F96B /* Pokemon+Ext.swift */; };
		FCFE5B312A6578DB0076F96B /* Stats.swift in Sources */ = {isa = PBXBuildFile; fileRef = FCFE5B302A6578DB0076F96B /* Stats.swift */; };
/* End PBXBuildFile section */

/* Begin PBXContainerItemProxy section */
		FC48A7942A66880600B7E9DB /* PBXContainerItemProxy */ = {
			isa = PBXContainerItemProxy;
			containerPortal = FC1FDE1F2A619C1400B0CF03 /* Project object */;
			proxyType = 1;
			remoteGlobalIDString = FC48A7802A66880400B7E9DB;
			remoteInfo = Dex3WidgetExtension;
		};
/* End PBXContainerItemProxy section */

/* Begin PBXCopyFilesBuildPhase section */
		FC48A79A2A66880600B7E9DB /* Embed Foundation Extensions */ = {
			isa = PBXCopyFilesBuildPhase;
			buildActionMask = 2147483647;
			dstPath = "";
			dstSubfolderSpec = 13;
			files = (
				FC48A7962A66880600B7E9DB /* Dex3WidgetExtension.appex in Embed Foundation Extensions */,
			);
			name = "Embed Foundation Extensions";
			runOnlyForDeploymentPostprocessing = 0;
		};
/* End PBXCopyFilesBuildPhase section */

/* Begin PBXFileReference section */
		FC1FDE272A619C1400B0CF03 /* Dex 3.app */ = {isa = PBXFileReference; explicitFileType = wrapper.application; includeInIndex = 0; path = "Dex 3.app"; sourceTree = BUILT_PRODUCTS_DIR; };
		FC1FDE2A2A619C1400B0CF03 /* Dex_3App.swift */ = {isa = PBXFileReference; lastKnownFileType = sourcecode.swift; path = Dex_3App.swift; sourceTree = "<group>"; };
		FC1FDE2C2A619C1400B0CF03 /* ContentView.swift */ = {isa = PBXFileReference; lastKnownFileType = sourcecode.swift; path = ContentView.swift; sourceTree = "<group>"; };
		FC1FDE2E2A619C1600B0CF03 /* Assets.xcassets */ = {isa = PBXFileReference; lastKnownFileType = folder.assetcatalog; path = Assets.xcassets; sourceTree = "<group>"; };
		FC1FDE312A619C1600B0CF03 /* Preview Assets.xcassets */ = {isa = PBXFileReference; lastKnownFileType = folder.assetcatalog; path = "Preview Assets.xcassets"; sourceTree = "<group>"; };
		FC1FDE332A619C1600B0CF03 /* Persistence.swift */ = {isa = PBXFileReference; lastKnownFileType = sourcecode.swift; path = Persistence.swift; sourceTree = "<group>"; };
		FC3B88F72A6519B800D183B5 /* PokemonDetail.swift */ = {isa = PBXFileReference; lastKnownFileType = sourcecode.swift; path = PokemonDetail.swift; sourceTree = "<group>"; };
		FC48A77B2A66825300B7E9DB /* WidgetPokemon.swift */ = {isa = PBXFileReference; lastKnownFileType = sourcecode.swift; path = WidgetPokemon.swift; sourceTree = "<group>"; };
		FC48A7812A66880400B7E9DB /* Dex3WidgetExtension.appex */ = {isa = PBXFileReference; explicitFileType = "wrapper.app-extension"; includeInIndex = 0; path = Dex3WidgetExtension.appex; sourceTree = BUILT_PRODUCTS_DIR; };
		FC48A7832A66880400B7E9DB /* WidgetKit.framework */ = {isa = PBXFileReference; lastKnownFileType = wrapper.framework; name = WidgetKit.framework; path = System/Library/Frameworks/WidgetKit.framework; sourceTree = SDKROOT; };
		FC48A7852A66880400B7E9DB /* SwiftUI.framework */ = {isa = PBXFileReference; lastKnownFileType = wrapper.framework; name = SwiftUI.framework; path = System/Library/Frameworks/SwiftUI.framework; sourceTree = SDKROOT; };
		FC48A7882A66880400B7E9DB /* Dex3WidgetBundle.swift */ = {isa = PBXFileReference; lastKnownFileType = sourcecode.swift; path = Dex3WidgetBundle.swift; sourceTree = "<group>"; };
		FC48A78A2A66880400B7E9DB /* Dex3WidgetLiveActivity.swift */ = {isa = PBXFileReference; lastKnownFileType = sourcecode.swift; path = Dex3WidgetLiveActivity.swift; sourceTree = "<group>"; };
		FC48A78C2A66880400B7E9DB /* Dex3Widget.swift */ = {isa = PBXFileReference; lastKnownFileType = sourcecode.swift; path = Dex3Widget.swift; sourceTree = "<group>"; };
		FC48A78E2A66880400B7E9DB /* Dex3Widget.intentdefinition */ = {isa = PBXFileReference; lastKnownFileType = file.intentdefinition; path = Dex3Widget.intentdefinition; sourceTree = "<group>"; };
		FC48A78F2A66880600B7E9DB /* Assets.xcassets */ = {isa = PBXFileReference; lastKnownFileType = folder.assetcatalog; path = Assets.xcassets; sourceTree = "<group>"; };
		FC48A7912A66880600B7E9DB /* Info.plist */ = {isa = PBXFileReference; lastKnownFileType = text.plist.xml; path = Info.plist; sourceTree = "<group>"; };
		FC48A7A22A668C9000B7E9DB /* Dex 3.entitlements */ = {isa = PBXFileReference; lastKnownFileType = text.plist.entitlements; path = "Dex 3.entitlements"; sourceTree = "<group>"; };
		FC48A7A32A668CED00B7E9DB /* Dex3WidgetExtension.entitlements */ = {isa = PBXFileReference; lastKnownFileType = text.plist.entitlements; path = Dex3WidgetExtension.entitlements; sourceTree = "<group>"; };
		FC658AA52A667D48001986F3 /* Networking+Image.swift */ = {isa = PBXFileReference; lastKnownFileType = sourcecode.swift; path = "Networking+Image.swift"; sourceTree = "<group>"; };
		FC6A6DAA2A652CAF00DA306D /* SamplePokemon.swift */ = {isa = PBXFileReference; lastKnownFileType = sourcecode.swift; path = SamplePokemon.swift; sourceTree = "<group>"; };
		FCAF6D1F2A63F64700B67040 /* Dex_3.xcdatamodel */ = {isa = PBXFileReference; lastKnownFileType = wrapper.xcdatamodel; path = Dex_3.xcdatamodel; sourceTree = "<group>"; };
		FCAF6D212A64142C00B67040 /* TempPokemon.swift */ = {isa = PBXFileReference; lastKnownFileType = sourcecode.swift; path = TempPokemon.swift; sourceTree = "<group>"; };
		FCAF6D232A64403300B67040 /* Networking.swift */ = {isa = PBXFileReference; lastKnownFileType = sourcecode.swift; path = Networking.swift; sourceTree = "<group>"; };
		FCAF6D252A64635000B67040 /* PokemonViewModel.swift */ = {isa = PBXFileReference; lastKnownFileType = sourcecode.swift; path = PokemonViewModel.swift; sourceTree = "<group>"; };
		FCFE5B2E2A6572B30076F96B /* Pokemon+Ext.swift */ = {isa = PBXFileReference; lastKnownFileType = sourcecode.swift; path = "Pokemon+Ext.swift"; sourceTree = "<group>"; };
		FCFE5B302A6578DB0076F96B /* Stats.swift */ = {isa = PBXFileReference; lastKnownFileType = sourcecode.swift; path = Stats.swift; sourceTree = "<group>"; };
/* End PBXFileReference section */

/* Begin PBXFrameworksBuildPhase section */
		FC1FDE242A619C1400B0CF03 /* Frameworks */ = {
			isa = PBXFrameworksBuildPhase;
			buildActionMask = 2147483647;
			files = (
			);
			runOnlyForDeploymentPostprocessing = 0;
		};
		FC48A77E2A66880400B7E9DB /* Frameworks */ = {
			isa = PBXFrameworksBuildPhase;
			buildActionMask = 2147483647;
			files = (
				FC48A7862A66880400B7E9DB /* SwiftUI.framework in Frameworks */,
				FC48A7842A66880400B7E9DB /* WidgetKit.framework in Frameworks */,
			);
			runOnlyForDeploymentPostprocessing = 0;
		};
/* End PBXFrameworksBuildPhase section */

/* Begin PBXGroup section */
		FC1FDE1E2A619C1400B0CF03 = {
			isa = PBXGroup;
			children = (
				FC1FDE292A619C1400B0CF03 /* Dex 3 */,
				FC48A7872A66880400B7E9DB /* Dex3Widget */,
				FC48A7822A66880400B7E9DB /* Frameworks */,
				FC1FDE282A619C1400B0CF03 /* Products */,
			);
			sourceTree = "<group>";
		};
		FC1FDE282A619C1400B0CF03 /* Products */ = {
			isa = PBXGroup;
			children = (
				FC1FDE272A619C1400B0CF03 /* Dex 3.app */,
				FC48A7812A66880400B7E9DB /* Dex3WidgetExtension.appex */,
			);
			name = Products;
			sourceTree = "<group>";
		};
		FC1FDE292A619C1400B0CF03 /* Dex 3 */ = {
			isa = PBXGroup;
			children = (
				FC48A7A22A668C9000B7E9DB /* Dex 3.entitlements */,
				FC1FDE2A2A619C1400B0CF03 /* Dex_3App.swift */,
				FC1FDE2C2A619C1400B0CF03 /* ContentView.swift */,
				FC3B88F72A6519B800D183B5 /* PokemonDetail.swift */,
				FCFE5B302A6578DB0076F96B /* Stats.swift */,
				FC48A77B2A66825300B7E9DB /* WidgetPokemon.swift */,
				FC658AA52A667D48001986F3 /* Networking+Image.swift */,
				FC6A6DAA2A652CAF00DA306D /* SamplePokemon.swift */,
				FCAF6D212A64142C00B67040 /* TempPokemon.swift */,
				FCAF6D232A64403300B67040 /* Networking.swift */,
				FCAF6D252A64635000B67040 /* PokemonViewModel.swift */,
				FC1FDE332A619C1600B0CF03 /* Persistence.swift */,
				FCFE5B2E2A6572B30076F96B /* Pokemon+Ext.swift */,
				FCAF6D1E2A63F64700B67040 /* Dex_3.xcdatamodeld */,
				FC1FDE2E2A619C1600B0CF03 /* Assets.xcassets */,
				FC1FDE302A619C1600B0CF03 /* Preview Content */,
			);
			path = "Dex 3";
			sourceTree = "<group>";
		};
		FC1FDE302A619C1600B0CF03 /* Preview Content */ = {
			isa = PBXGroup;
			children = (
				FC1FDE312A619C1600B0CF03 /* Preview Assets.xcassets */,
			);
			path = "Preview Content";
			sourceTree = "<group>";
		};
		FC48A7822A66880400B7E9DB /* Frameworks */ = {
			isa = PBXGroup;
			children = (
				FC48A7832A66880400B7E9DB /* WidgetKit.framework */,
				FC48A7852A66880400B7E9DB /* SwiftUI.framework */,
			);
			name = Frameworks;
			sourceTree = "<group>";
		};
		FC48A7872A66880400B7E9DB /* Dex3Widget */ = {
			isa = PBXGroup;
			children = (
				FC48A7A32A668CED00B7E9DB /* Dex3WidgetExtension.entitlements */,
				FC48A7882A66880400B7E9DB /* Dex3WidgetBundle.swift */,
				FC48A78A2A66880400B7E9DB /* Dex3WidgetLiveActivity.swift */,
				FC48A78C2A66880400B7E9DB /* Dex3Widget.swift */,
				FC48A78E2A66880400B7E9DB /* Dex3Widget.intentdefinition */,
				FC48A78F2A66880600B7E9DB /* Assets.xcassets */,
				FC48A7912A66880600B7E9DB /* Info.plist */,
			);
			path = Dex3Widget;
			sourceTree = "<group>";
		};
/* End PBXGroup section */

/* Begin PBXNativeTarget section */
		FC1FDE262A619C1400B0CF03 /* Dex 3 */ = {
			isa = PBXNativeTarget;
			buildConfigurationList = FC1FDE3A2A619C1600B0CF03 /* Build configuration list for PBXNativeTarget "Dex 3" */;
			buildPhases = (
				FC1FDE232A619C1400B0CF03 /* Sources */,
				FC1FDE242A619C1400B0CF03 /* Frameworks */,
				FC1FDE252A619C1400B0CF03 /* Resources */,
				FC48A79A2A66880600B7E9DB /* Embed Foundation Extensions */,
			);
			buildRules = (
			);
			dependencies = (
				FC48A7952A66880600B7E9DB /* PBXTargetDependency */,
			);
			name = "Dex 3";
			productName = "Dex 3";
			productReference = FC1FDE272A619C1400B0CF03 /* Dex 3.app */;
			productType = "com.apple.product-type.application";
		};
		FC48A7802A66880400B7E9DB /* Dex3WidgetExtension */ = {
			isa = PBXNativeTarget;
			buildConfigurationList = FC48A7972A66880600B7E9DB /* Build configuration list for PBXNativeTarget "Dex3WidgetExtension" */;
			buildPhases = (
				FC48A77D2A66880400B7E9DB /* Sources */,
				FC48A77E2A66880400B7E9DB /* Frameworks */,
				FC48A77F2A66880400B7E9DB /* Resources */,
			);
			buildRules = (
			);
			dependencies = (
			);
			name = Dex3WidgetExtension;
			productName = Dex3WidgetExtension;
			productReference = FC48A7812A66880400B7E9DB /* Dex3WidgetExtension.appex */;
			productType = "com.apple.product-type.app-extension";
		};
/* End PBXNativeTarget section */

/* Begin PBXProject section */
		FC1FDE1F2A619C1400B0CF03 /* Project object */ = {
			isa = PBXProject;
			attributes = {
				BuildIndependentTargetsInParallel = 1;
				LastSwiftUpdateCheck = 1420;
				LastUpgradeCheck = 1420;
				TargetAttributes = {
					FC1FDE262A619C1400B0CF03 = {
						CreatedOnToolsVersion = 14.2;
					};
					FC48A7802A66880400B7E9DB = {
						CreatedOnToolsVersion = 14.2;
					};
				};
			};
			buildConfigurationList = FC1FDE222A619C1400B0CF03 /* Build configuration list for PBXProject "Dex 3" */;
			compatibilityVersion = "Xcode 14.0";
			developmentRegion = en;
			hasScannedForEncodings = 0;
			knownRegions = (
				en,
				Base,
			);
			mainGroup = FC1FDE1E2A619C1400B0CF03;
			productRefGroup = FC1FDE282A619C1400B0CF03 /* Products */;
			projectDirPath = "";
			projectRoot = "";
			targets = (
				FC1FDE262A619C1400B0CF03 /* Dex 3 */,
				FC48A7802A66880400B7E9DB /* Dex3WidgetExtension */,
			);
		};
/* End PBXProject section */

/* Begin PBXResourcesBuildPhase section */
		FC1FDE252A619C1400B0CF03 /* Resources */ = {
			isa = PBXResourcesBuildPhase;
			buildActionMask = 2147483647;
			files = (
				FC1FDE322A619C1600B0CF03 /* Preview Assets.xcassets in Resources */,
				FC1FDE2F2A619C1600B0CF03 /* Assets.xcassets in Resources */,
			);
			runOnlyForDeploymentPostprocessing = 0;
		};
		FC48A77F2A66880400B7E9DB /* Resources */ = {
			isa = PBXResourcesBuildPhase;
			buildActionMask = 2147483647;
			files = (
				FC48A79B2A6688C400B7E9DB /* Assets.xcassets in Resources */,
				FC48A7902A66880600B7E9DB /* Assets.xcassets in Resources */,
			);
			runOnlyForDeploymentPostprocessing = 0;
		};
/* End PBXResourcesBuildPhase section */

/* Begin PBXSourcesBuildPhase section */
		FC1FDE232A619C1400B0CF03 /* Sources */ = {
			isa = PBXSourcesBuildPhase;
			buildActionMask = 2147483647;
			files = (
				FC1FDE342A619C1600B0CF03 /* Persistence.swift in Sources */,
				FCFE5B312A6578DB0076F96B /* Stats.swift in Sources */,
				FCAF6D202A63F64700B67040 /* Dex_3.xcdatamodeld in Sources */,
				FC3B88F82A6519B800D183B5 /* PokemonDetail.swift in Sources */,
				FC48A7932A66880600B7E9DB /* Dex3Widget.intentdefinition in Sources */,
				FC48A77C2A66825300B7E9DB /* WidgetPokemon.swift in Sources */,
				FCFE5B2F2A6572B30076F96B /* Pokemon+Ext.swift in Sources */,
				FCAF6D222A64142C00B67040 /* TempPokemon.swift in Sources */,
				FC6A6DAB2A652CAF00DA306D /* SamplePokemon.swift in Sources */,
				FC658AA62A667D48001986F3 /* Networking+Image.swift in Sources */,
				FCAF6D262A64635000B67040 /* PokemonViewModel.swift in Sources */,
				FCAF6D242A64403300B67040 /* Networking.swift in Sources */,
				FC1FDE2D2A619C1400B0CF03 /* ContentView.swift in Sources */,
				FC1FDE2B2A619C1400B0CF03 /* Dex_3App.swift in Sources */,
			);
			runOnlyForDeploymentPostprocessing = 0;
		};
		FC48A77D2A66880400B7E9DB /* Sources */ = {
			isa = PBXSourcesBuildPhase;
			buildActionMask = 2147483647;
			files = (
				FC48A7A02A6688F200B7E9DB /* WidgetPokemon.swift in Sources */,
				FC48A7922A66880600B7E9DB /* Dex3Widget.intentdefinition in Sources */,
				FC48A78B2A66880400B7E9DB /* Dex3WidgetLiveActivity.swift in Sources */,
				FC48A7A12A66895600B7E9DB /* Pokemon+Ext.swift in Sources */,
				FC48A78D2A66880400B7E9DB /* Dex3Widget.swift in Sources */,
				FC48A79D2A6688E000B7E9DB /* Persistence.swift in Sources */,
				FC48A79C2A6688D300B7E9DB /* Dex_3.xcdatamodeld in Sources */,
				FC48A79E2A6688E800B7E9DB /* SamplePokemon.swift in Sources */,
				FC48A7892A66880400B7E9DB /* Dex3WidgetBundle.swift in Sources */,
				FC48A79F2A6688EE00B7E9DB /* Networking+Image.swift in Sources */,
			);
			runOnlyForDeploymentPostprocessing = 0;
		};
/* End PBXSourcesBuildPhase section */

/* Begin PBXTargetDependency section */
		FC48A7952A66880600B7E9DB /* PBXTargetDependency */ = {
			isa = PBXTargetDependency;
			target = FC48A7802A66880400B7E9DB /* Dex3WidgetExtension */;
			targetProxy = FC48A7942A66880600B7E9DB /* PBXContainerItemProxy */;
		};
/* End PBXTargetDependency section */

/* Begin XCBuildConfiguration section */
		FC1FDE382A619C1600B0CF03 /* Debug */ = {
			isa = XCBuildConfiguration;
			buildSettings = {
				ALWAYS_SEARCH_USER_PATHS = NO;
				CLANG_ANALYZER_NONNULL = YES;
				CLANG_ANALYZER_NUMBER_OBJECT_CONVERSION = YES_AGGRESSIVE;
				CLANG_CXX_LANGUAGE_STANDARD = "gnu++20";
				CLANG_ENABLE_MODULES = YES;
				CLANG_ENABLE_OBJC_ARC = YES;
				CLANG_ENABLE_OBJC_WEAK = YES;
				CLANG_WARN_BLOCK_CAPTURE_AUTORELEASING = YES;
				CLANG_WARN_BOOL_CONVERSION = YES;
				CLANG_WARN_COMMA = YES;
				CLANG_WARN_CONSTANT_CONVERSION = YES;
				CLANG_WARN_DEPRECATED_OBJC_IMPLEMENTATIONS = YES;
				CLANG_WARN_DIRECT_OBJC_ISA_USAGE = YES_ERROR;
				CLANG_WARN_DOCUMENTATION_COMMENTS = YES;
				CLANG_WARN_EMPTY_BODY = YES;
				CLANG_WARN_ENUM_CONVERSION = YES;
				CLANG_WARN_INFINITE_RECURSION = YES;
				CLANG_WARN_INT_CONVERSION = YES;
				CLANG_WARN_NON_LITERAL_NULL_CONVERSION = YES;
				CLANG_WARN_OBJC_IMPLICIT_RETAIN_SELF = YES;
				CLANG_WARN_OBJC_LITERAL_CONVERSION = YES;
				CLANG_WARN_OBJC_ROOT_CLASS = YES_ERROR;
				CLANG_WARN_QUOTED_INCLUDE_IN_FRAMEWORK_HEADER = YES;
				CLANG_WARN_RANGE_LOOP_ANALYSIS = YES;
				CLANG_WARN_STRICT_PROTOTYPES = YES;
				CLANG_WARN_SUSPICIOUS_MOVE = YES;
				CLANG_WARN_UNGUARDED_AVAILABILITY = YES_AGGRESSIVE;
				CLANG_WARN_UNREACHABLE_CODE = YES;
				CLANG_WARN__DUPLICATE_METHOD_MATCH = YES;
				COPY_PHASE_STRIP = NO;
				DEBUG_INFORMATION_FORMAT = dwarf;
				ENABLE_STRICT_OBJC_MSGSEND = YES;
				ENABLE_TESTABILITY = YES;
				GCC_C_LANGUAGE_STANDARD = gnu11;
				GCC_DYNAMIC_NO_PIC = NO;
				GCC_NO_COMMON_BLOCKS = YES;
				GCC_OPTIMIZATION_LEVEL = 0;
				GCC_PREPROCESSOR_DEFINITIONS = (
					"DEBUG=1",
					"$(inherited)",
				);
				GCC_WARN_64_TO_32_BIT_CONVERSION = YES;
				GCC_WARN_ABOUT_RETURN_TYPE = YES_ERROR;
				GCC_WARN_UNDECLARED_SELECTOR = YES;
				GCC_WARN_UNINITIALIZED_AUTOS = YES_AGGRESSIVE;
				GCC_WARN_UNUSED_FUNCTION = YES;
				GCC_WARN_UNUSED_VARIABLE = YES;
				IPHONEOS_DEPLOYMENT_TARGET = 16.2;
				MTL_ENABLE_DEBUG_INFO = INCLUDE_SOURCE;
				MTL_FAST_MATH = YES;
				ONLY_ACTIVE_ARCH = YES;
				SDKROOT = iphoneos;
				SWIFT_ACTIVE_COMPILATION_CONDITIONS = DEBUG;
				SWIFT_OPTIMIZATION_LEVEL = "-Onone";
			};
			name = Debug;
		};
		FC1FDE392A619C1600B0CF03 /* Release */ = {
			isa = XCBuildConfiguration;
			buildSettings = {
				ALWAYS_SEARCH_USER_PATHS = NO;
				CLANG_ANALYZER_NONNULL = YES;
				CLANG_ANALYZER_NUMBER_OBJECT_CONVERSION = YES_AGGRESSIVE;
				CLANG_CXX_LANGUAGE_STANDARD = "gnu++20";
				CLANG_ENABLE_MODULES = YES;
				CLANG_ENABLE_OBJC_ARC = YES;
				CLANG_ENABLE_OBJC_WEAK = YES;
				CLANG_WARN_BLOCK_CAPTURE_AUTORELEASING = YES;
				CLANG_WARN_BOOL_CONVERSION = YES;
				CLANG_WARN_COMMA = YES;
				CLANG_WARN_CONSTANT_CONVERSION = YES;
				CLANG_WARN_DEPRECATED_OBJC_IMPLEMENTATIONS = YES;
				CLANG_WARN_DIRECT_OBJC_ISA_USAGE = YES_ERROR;
				CLANG_WARN_DOCUMENTATION_COMMENTS = YES;
				CLANG_WARN_EMPTY_BODY = YES;
				CLANG_WARN_ENUM_CONVERSION = YES;
				CLANG_WARN_INFINITE_RECURSION = YES;
				CLANG_WARN_INT_CONVERSION = YES;
				CLANG_WARN_NON_LITERAL_NULL_CONVERSION = YES;
				CLANG_WARN_OBJC_IMPLICIT_RETAIN_SELF = YES;
				CLANG_WARN_OBJC_LITERAL_CONVERSION = YES;
				CLANG_WARN_OBJC_ROOT_CLASS = YES_ERROR;
				CLANG_WARN_QUOTED_INCLUDE_IN_FRAMEWORK_HEADER = YES;
				CLANG_WARN_RANGE_LOOP_ANALYSIS = YES;
				CLANG_WARN_STRICT_PROTOTYPES = YES;
				CLANG_WARN_SUSPICIOUS_MOVE = YES;
				CLANG_WARN_UNGUARDED_AVAILABILITY = YES_AGGRESSIVE;
				CLANG_WARN_UNREACHABLE_CODE = YES;
				CLANG_WARN__DUPLICATE_METHOD_MATCH = YES;
				COPY_PHASE_STRIP = NO;
				DEBUG_INFORMATION_FORMAT = "dwarf-with-dsym";
				ENABLE_NS_ASSERTIONS = NO;
				ENABLE_STRICT_OBJC_MSGSEND = YES;
				GCC_C_LANGUAGE_STANDARD = gnu11;
				GCC_NO_COMMON_BLOCKS = YES;
				GCC_WARN_64_TO_32_BIT_CONVERSION = YES;
				GCC_WARN_ABOUT_RETURN_TYPE = YES_ERROR;
				GCC_WARN_UNDECLARED_SELECTOR = YES;
				GCC_WARN_UNINITIALIZED_AUTOS = YES_AGGRESSIVE;
				GCC_WARN_UNUSED_FUNCTION = YES;
				GCC_WARN_UNUSED_VARIABLE = YES;
				IPHONEOS_DEPLOYMENT_TARGET = 16.2;
				MTL_ENABLE_DEBUG_INFO = NO;
				MTL_FAST_MATH = YES;
				SDKROOT = iphoneos;
				SWIFT_COMPILATION_MODE = wholemodule;
				SWIFT_OPTIMIZATION_LEVEL = "-O";
				VALIDATE_PRODUCT = YES;
			};
			name = Release;
		};
		FC1FDE3B2A619C1600B0CF03 /* Debug */ = {
			isa = XCBuildConfiguration;
			buildSettings = {
				ALWAYS_EMBED_SWIFT_STANDARD_LIBRARIES = YES;
				ASSETCATALOG_COMPILER_APPICON_NAME = AppIcon;
				ASSETCATALOG_COMPILER_GLOBAL_ACCENT_COLOR_NAME = AccentColor;
				CODE_SIGN_ENTITLEMENTS = "Dex 3/Dex 3.entitlements";
				CODE_SIGN_IDENTITY = "Apple Development";
				CODE_SIGN_STYLE = Automatic;
				CURRENT_PROJECT_VERSION = 1;
				DEVELOPMENT_ASSET_PATHS = "\"Dex 3/Preview Content\"";
				DEVELOPMENT_TEAM = X9HT4KTNL4;
				ENABLE_PREVIEWS = YES;
				GENERATE_INFOPLIST_FILE = YES;
				INFOPLIST_KEY_UIApplicationSceneManifest_Generation = YES;
				INFOPLIST_KEY_UIApplicationSupportsIndirectInputEvents = YES;
				INFOPLIST_KEY_UILaunchScreen_Generation = YES;
				INFOPLIST_KEY_UISupportedInterfaceOrientations_iPad = "UIInterfaceOrientationPortrait UIInterfaceOrientationPortraitUpsideDown UIInterfaceOrientationLandscapeLeft UIInterfaceOrientationLandscapeRight";
				INFOPLIST_KEY_UISupportedInterfaceOrientations_iPhone = "UIInterfaceOrientationPortrait UIInterfaceOrientationLandscapeLeft UIInterfaceOrientationLandscapeRight";
				LD_RUNPATH_SEARCH_PATHS = (
					"$(inherited)",
					"@executable_path/Frameworks",
				);
				MARKETING_VERSION = 1.0;
				PRODUCT_BUNDLE_IDENTIFIER = "com.lkostakis.Dex-3";
				PRODUCT_NAME = "$(TARGET_NAME)";
				PROVISIONING_PROFILE_SPECIFIER = "";
				SWIFT_EMIT_LOC_STRINGS = YES;
				SWIFT_VERSION = 5.0;
				TARGETED_DEVICE_FAMILY = "1,2";
			};
			name = Debug;
		};
		FC1FDE3C2A619C1600B0CF03 /* Release */ = {
			isa = XCBuildConfiguration;
			buildSettings = {
				ALWAYS_EMBED_SWIFT_STANDARD_LIBRARIES = YES;
				ASSETCATALOG_COMPILER_APPICON_NAME = AppIcon;
				ASSETCATALOG_COMPILER_GLOBAL_ACCENT_COLOR_NAME = AccentColor;
				CODE_SIGN_ENTITLEMENTS = "Dex 3/Dex 3.entitlements";
				CODE_SIGN_IDENTITY = "Apple Development";
				CODE_SIGN_STYLE = Automatic;
				CURRENT_PROJECT_VERSION = 1;
				DEVELOPMENT_ASSET_PATHS = "\"Dex 3/Preview Content\"";
				DEVELOPMENT_TEAM = X9HT4KTNL4;
				ENABLE_PREVIEWS = YES;
				GENERATE_INFOPLIST_FILE = YES;
				INFOPLIST_KEY_UIApplicationSceneManifest_Generation = YES;
				INFOPLIST_KEY_UIApplicationSupportsIndirectInputEvents = YES;
				INFOPLIST_KEY_UILaunchScreen_Generation = YES;
				INFOPLIST_KEY_UISupportedInterfaceOrientations_iPad = "UIInterfaceOrientationPortrait UIInterfaceOrientationPortraitUpsideDown UIInterfaceOrientationLandscapeLeft UIInterfaceOrientationLandscapeRight";
				INFOPLIST_KEY_UISupportedInterfaceOrientations_iPhone = "UIInterfaceOrientationPortrait UIInterfaceOrientationLandscapeLeft UIInterfaceOrientationLandscapeRight";
				LD_RUNPATH_SEARCH_PATHS = (
					"$(inherited)",
					"@executable_path/Frameworks",
				);
				MARKETING_VERSION = 1.0;
				PRODUCT_BUNDLE_IDENTIFIER = "com.lkostakis.Dex-3";
				PRODUCT_NAME = "$(TARGET_NAME)";
				PROVISIONING_PROFILE_SPECIFIER = "";
				SWIFT_EMIT_LOC_STRINGS = YES;
				SWIFT_VERSION = 5.0;
				TARGETED_DEVICE_FAMILY = "1,2";
			};
			name = Release;
		};
		FC48A7982A66880600B7E9DB /* Debug */ = {
			isa = XCBuildConfiguration;
			buildSettings = {
				ASSETCATALOG_COMPILER_GLOBAL_ACCENT_COLOR_NAME = AccentColor;
				ASSETCATALOG_COMPILER_WIDGET_BACKGROUND_COLOR_NAME = WidgetBackground;
				CODE_SIGN_ENTITLEMENTS = Dex3Widget/Dex3WidgetExtension.entitlements;
				CODE_SIGN_IDENTITY = "Apple Development";
				CODE_SIGN_STYLE = Automatic;
				CURRENT_PROJECT_VERSION = 1;
				DEVELOPMENT_TEAM = X9HT4KTNL4;
				GENERATE_INFOPLIST_FILE = YES;
				INFOPLIST_FILE = Dex3Widget/Info.plist;
				INFOPLIST_KEY_CFBundleDisplayName = Dex3Widget;
				INFOPLIST_KEY_NSHumanReadableCopyright = "";
				LD_RUNPATH_SEARCH_PATHS = (
					"$(inherited)",
					"@executable_path/Frameworks",
					"@executable_path/../../Frameworks",
				);
				MARKETING_VERSION = 1.0;
				PRODUCT_BUNDLE_IDENTIFIER = "com.lkostakis.Dex-3.Dex3Widget";
				PRODUCT_NAME = "$(TARGET_NAME)";
				SKIP_INSTALL = YES;
				SWIFT_EMIT_LOC_STRINGS = YES;
				SWIFT_VERSION = 5.0;
				TARGETED_DEVICE_FAMILY = "1,2";
			};
			name = Debug;
		};
		FC48A7992A66880600B7E9DB /* Release */ = {
			isa = XCBuildConfiguration;
			buildSettings = {
				ASSETCATALOG_COMPILER_GLOBAL_ACCENT_COLOR_NAME = AccentColor;
				ASSETCATALOG_COMPILER_WIDGET_BACKGROUND_COLOR_NAME = WidgetBackground;
				CODE_SIGN_ENTITLEMENTS = Dex3Widget/Dex3WidgetExtension.entitlements;
				CODE_SIGN_IDENTITY = "Apple Development";
				CODE_SIGN_STYLE = Automatic;
				CURRENT_PROJECT_VERSION = 1;
				DEVELOPMENT_TEAM = X9HT4KTNL4;
				GENERATE_INFOPLIST_FILE = YES;
				INFOPLIST_FILE = Dex3Widget/Info.plist;
				INFOPLIST_KEY_CFBundleDisplayName = Dex3Widget;
				INFOPLIST_KEY_NSHumanReadableCopyright = "";
				LD_RUNPATH_SEARCH_PATHS = (
					"$(inherited)",
					"@executable_path/Frameworks",
					"@executable_path/../../Frameworks",
				);
				MARKETING_VERSION = 1.0;
				PRODUCT_BUNDLE_IDENTIFIER = "com.lkostakis.Dex-3.Dex3Widget";
				PRODUCT_NAME = "$(TARGET_NAME)";
				SKIP_INSTALL = YES;
				SWIFT_EMIT_LOC_STRINGS = YES;
				SWIFT_VERSION = 5.0;
				TARGETED_DEVICE_FAMILY = "1,2";
			};
			name = Release;
		};
/* End XCBuildConfiguration section */

/* Begin XCConfigurationList section */
		FC1FDE222A619C1400B0CF03 /* Build configuration list for PBXProject "Dex 3" */ = {
			isa = XCConfigurationList;
			buildConfigurations = (
				FC1FDE382A619C1600B0CF03 /* Debug */,
				FC1FDE392A619C1600B0CF03 /* Release */,
			);
			defaultConfigurationIsVisible = 0;
			defaultConfigurationName = Release;
		};
		FC1FDE3A2A619C1600B0CF03 /* Build configuration list for PBXNativeTarget "Dex 3" */ = {
			isa = XCConfigurationList;
			buildConfigurations = (
				FC1FDE3B2A619C1600B0CF03 /* Debug */,
				FC1FDE3C2A619C1600B0CF03 /* Release */,
			);
			defaultConfigurationIsVisible = 0;
			defaultConfigurationName = Release;
		};
		FC48A7972A66880600B7E9DB /* Build configuration list for PBXNativeTarget "Dex3WidgetExtension" */ = {
			isa = XCConfigurationList;
			buildConfigurations = (
				FC48A7982A66880600B7E9DB /* Debug */,
				FC48A7992A66880600B7E9DB /* Release */,
			);
			defaultConfigurationIsVisible = 0;
			defaultConfigurationName = Release;
		};
/* End XCConfigurationList section */

/* Begin XCVersionGroup section */
		FCAF6D1E2A63F64700B67040 /* Dex_3.xcdatamodeld */ = {
			isa = XCVersionGroup;
			children = (
				FCAF6D1F2A63F64700B67040 /* Dex_3.xcdatamodel */,
			);
			currentVersion = FCAF6D1F2A63F64700B67040 /* Dex_3.xcdatamodel */;
			path = Dex_3.xcdatamodeld;
			sourceTree = "<group>";
			versionGroupType = wrapper.xcdatamodel;
		};
/* End XCVersionGroup section */
	};
	rootObject = FC1FDE1F2A619C1400B0CF03 /* Project object */;
}
